
Microsoft Visual Studio Solution File, Format Version 12.00
# Visual Studio Version 17
VisualStudioVersion = 17.4.33122.133
MinimumVisualStudioVersion = 10.0.40219.1
Project("{8BC9CEB8-8B4A-11D0-8D11-00A0C91BC942}") = "leetcode-longest-substring", "leetcode-longest-substring\leetcode-longest-substring.vcxproj", "{725A24F4-0A21-47D4-ACCB-292B7F5A62F3}"
EndProject
Global
	GlobalSection(SolutionConfigurationPlatforms) = preSolution
		Debug|x64 = Debug|x64
		Debug|x86 = Debug|x86
		Release|x64 = Release|x64
		Release|x86 = Release|x86
	EndGlobalSection
	GlobalSection(ProjectConfigurationPlatforms) = postSolution
		{725A24F4-0A21-47D4-ACCB-292B7F5A62F3}.Debug|x64.ActiveCfg = Debug|x64
		{725A24F4-0A21-47D4-ACCB-292B7F5A62F3}.Debug|x64.Build.0 = Debug|x64
		{725A24F4-0A21-47D4-ACCB-292B7F5A62F3}.Debug|x86.ActiveCfg = Debug|Win32
		{725A24F4-0A21-47D4-ACCB-292B7F5A62F3}.Debug|x86.Build.0 = Debug|Win32
		{725A24F4-0A21-47D4-ACCB-292B7F5A62F3}.Release|x64.ActiveCfg = Release|x64
		{725A24F4-0A21-47D4-ACCB-292B7F5A62F3}.Release|x64.Build.0 = Release|x64
		{725A24F4-0A21-47D4-ACCB-292B7F5A62F3}.Release|x86.ActiveCfg = Release|Win32
		{725A24F4-0A21-47D4-ACCB-292B7F5A62F3}.Release|x86.Build.0 = Release|Win32
	EndGlobalSection
	GlobalSection(SolutionProperties) = preSolution
		HideSolutionNode = FALSE
	EndGlobalSection
	GlobalSection(ExtensibilityGlobals) = postSolution
		SolutionGuid = {ADBEB1F6-94FB-4343-8ABA-75F3C2710173}
	EndGlobalSection
EndGlobal
